
Microsoft Visual Studio Solution File, Format Version 12.00
# Visual Studio Version 17
VisualStudioVersion = 17.6.33829.357
MinimumVisualStudioVersion = 10.0.40219.1
Project("{FAE04EC0-301F-11D3-BF4B-00C04F79EFBC}") = "test_ for_ TAKT", "test_ for_ TAKT\test_ for_ TAKT.csproj", "{B86CB8FE-4900-4FB5-8951-69DC822B9213}"
EndProject
Global
	GlobalSection(SolutionConfigurationPlatforms) = preSolution
		Debug|Any CPU = Debug|Any CPU
		Release|Any CPU = Release|Any CPU
	EndGlobalSection
	GlobalSection(ProjectConfigurationPlatforms) = postSolution
		{B86CB8FE-4900-4FB5-8951-69DC822B9213}.Debug|Any CPU.ActiveCfg = Debug|Any CPU
		{B86CB8FE-4900-4FB5-8951-69DC822B9213}.Debug|Any CPU.Build.0 = Debug|Any CPU
		{B86CB8FE-4900-4FB5-8951-69DC822B9213}.Release|Any CPU.ActiveCfg = Release|Any CPU
		{B86CB8FE-4900-4FB5-8951-69DC822B9213}.Release|Any CPU.Build.0 = Release|Any CPU
	EndGlobalSection
	GlobalSection(SolutionProperties) = preSolution
		HideSolutionNode = FALSE
	EndGlobalSection
	GlobalSection(ExtensibilityGlobals) = postSolution
		SolutionGuid = {DFE99EBF-F619-48F9-AEB6-97D81AE55F76}
	EndGlobalSection
EndGlobal
